
Microsoft Visual Studio Solution File, Format Version 12.00
# Visual Studio Version 16
VisualStudioVersion = 16.0.31702.278
MinimumVisualStudioVersion = 10.0.40219.1
Project("{FAE04EC0-301F-11D3-BF4B-00C04F79EFBC}") = "Books.Android", "Books\Books.Android\Books.Android.csproj", "{D6FAAC79-689B-403A-AA56-0E27D67A0A21}"
EndProject
Project("{FAE04EC0-301F-11D3-BF4B-00C04F79EFBC}") = "Books.iOS", "Books\Books.iOS\Books.iOS.csproj", "{C8B940D3-0983-46F4-AB6B-C4816CC4A7DC}"
EndProject
Project("{FAE04EC0-301F-11D3-BF4B-00C04F79EFBC}") = "Books", "Books\Books\Books.csproj", "{048998BE-8509-452C-9A78-E80EEB8E1486}"
EndProject
Global
	GlobalSection(SolutionConfigurationPlatforms) = preSolution
		Debug|Any CPU = Debug|Any CPU
		Debug|iPhone = Debug|iPhone
		Debug|iPhoneSimulator = Debug|iPhoneSimulator
		Release|Any CPU = Release|Any CPU
		Release|iPhone = Release|iPhone
		Release|iPhoneSimulator = Release|iPhoneSimulator
	EndGlobalSection
	GlobalSection(ProjectConfigurationPlatforms) = postSolution
		{D6FAAC79-689B-403A-AA56-0E27D67A0A21}.Debug|Any CPU.ActiveCfg = Debug|Any CPU
		{D6FAAC79-689B-403A-AA56-0E27D67A0A21}.Debug|Any CPU.Build.0 = Debug|Any CPU
		{D6FAAC79-689B-403A-AA56-0E27D67A0A21}.Debug|Any CPU.Deploy.0 = Debug|Any CPU
		{D6FAAC79-689B-403A-AA56-0E27D67A0A21}.Debug|iPhone.ActiveCfg = Debug|Any CPU
		{D6FAAC79-689B-403A-AA56-0E27D67A0A21}.Debug|iPhone.Build.0 = Debug|Any CPU
		{D6FAAC79-689B-403A-AA56-0E27D67A0A21}.Debug|iPhone.Deploy.0 = Debug|Any CPU
		{D6FAAC79-689B-403A-AA56-0E27D67A0A21}.Debug|iPhoneSimulator.ActiveCfg = Debug|Any CPU
		{D6FAAC79-689B-403A-AA56-0E27D67A0A21}.Debug|iPhoneSimulator.Build.0 = Debug|Any CPU
		{D6FAAC79-689B-403A-AA56-0E27D67A0A21}.Debug|iPhoneSimulator.Deploy.0 = Debug|Any CPU
		{D6FAAC79-689B-403A-AA56-0E27D67A0A21}.Release|Any CPU.ActiveCfg = Release|Any CPU
		{D6FAAC79-689B-403A-AA56-0E27D67A0A21}.Release|Any CPU.Build.0 = Release|Any CPU
		{D6FAAC79-689B-403A-AA56-0E27D67A0A21}.Release|Any CPU.Deploy.0 = Release|Any CPU
		{D6FAAC79-689B-403A-AA56-0E27D67A0A21}.Release|iPhone.ActiveCfg = Release|Any CPU
		{D6FAAC79-689B-403A-AA56-0E27D67A0A21}.Release|iPhone.Build.0 = Release|Any CPU
		{D6FAAC79-689B-403A-AA56-0E27D67A0A21}.Release|iPhone.Deploy.0 = Release|Any CPU
		{D6FAAC79-689B-403A-AA56-0E27D67A0A21}.Release|iPhoneSimulator.ActiveCfg = Release|Any CPU
		{D6FAAC79-689B-403A-AA56-0E27D67A0A21}.Release|iPhoneSimulator.Build.0 = Release|Any CPU
		{D6FAAC79-689B-403A-AA56-0E27D67A0A21}.Release|iPhoneSimulator.Deploy.0 = Release|Any CPU
		{C8B940D3-0983-46F4-AB6B-C4816CC4A7DC}.Debug|Any CPU.ActiveCfg = Debug|iPhone
		{C8B940D3-0983-46F4-AB6B-C4816CC4A7DC}.Debug|Any CPU.Build.0 = Debug|iPhone
		{C8B940D3-0983-46F4-AB6B-C4816CC4A7DC}.Debug|Any CPU.Deploy.0 = Debug|iPhone
		{C8B940D3-0983-46F4-AB6B-C4816CC4A7DC}.Debug|iPhone.ActiveCfg = Debug|iPhone
		{C8B940D3-0983-46F4-AB6B-C4816CC4A7DC}.Debug|iPhone.Build.0 = Debug|iPhone
		{C8B940D3-0983-46F4-AB6B-C4816CC4A7DC}.Debug|iPhone.Deploy.0 = Debug|iPhone
		{C8B940D3-0983-46F4-AB6B-C4816CC4A7DC}.Debug|iPhoneSimulator.ActiveCfg = Debug|iPhoneSimulator
		{C8B940D3-0983-46F4-AB6B-C4816CC4A7DC}.Debug|iPhoneSimulator.Build.0 = Debug|iPhoneSimulator
		{C8B940D3-0983-46F4-AB6B-C4816CC4A7DC}.Debug|iPhoneSimulator.Deploy.0 = Debug|iPhoneSimulator
		{C8B940D3-0983-46F4-AB6B-C4816CC4A7DC}.Release|Any CPU.ActiveCfg = Release|iPhoneSimulator
		{C8B940D3-0983-46F4-AB6B-C4816CC4A7DC}.Release|Any CPU.Build.0 = Release|iPhoneSimulator
		{C8B940D3-0983-46F4-AB6B-C4816CC4A7DC}.Release|Any CPU.Deploy.0 = Release|iPhoneSimulator
		{C8B940D3-0983-46F4-AB6B-C4816CC4A7DC}.Release|iPhone.ActiveCfg = Release|iPhone
		{C8B940D3-0983-46F4-AB6B-C4816CC4A7DC}.Release|iPhone.Build.0 = Release|iPhone
		{C8B940D3-0983-46F4-AB6B-C4816CC4A7DC}.Release|iPhone.Deploy.0 = Release|iPhone
		{C8B940D3-0983-46F4-AB6B-C4816CC4A7DC}.Release|iPhoneSimulator.ActiveCfg = Release|iPhoneSimulator
		{C8B940D3-0983-46F4-AB6B-C4816CC4A7DC}.Release|iPhoneSimulator.Build.0 = Release|iPhoneSimulator
		{C8B940D3-0983-46F4-AB6B-C4816CC4A7DC}.Release|iPhoneSimulator.Deploy.0 = Release|iPhoneSimulator
		{048998BE-8509-452C-9A78-E80EEB8E1486}.Debug|Any CPU.ActiveCfg = Debug|Any CPU
		{048998BE-8509-452C-9A78-E80EEB8E1486}.Debug|Any CPU.Build.0 = Debug|Any CPU
		{048998BE-8509-452C-9A78-E80EEB8E1486}.Debug|Any CPU.Deploy.0 = Debug|Any CPU
		{048998BE-8509-452C-9A78-E80EEB8E1486}.Debug|iPhone.ActiveCfg = Debug|Any CPU
		{048998BE-8509-452C-9A78-E80EEB8E1486}.Debug|iPhone.Build.0 = Debug|Any CPU
		{048998BE-8509-452C-9A78-E80EEB8E1486}.Debug|iPhone.Deploy.0 = Debug|Any CPU
		{048998BE-8509-452C-9A78-E80EEB8E1486}.Debug|iPhoneSimulator.ActiveCfg = Debug|Any CPU
		{048998BE-8509-452C-9A78-E80EEB8E1486}.Debug|iPhoneSimulator.Build.0 = Debug|Any CPU
		{048998BE-8509-452C-9A78-E80EEB8E1486}.Debug|iPhoneSimulator.Deploy.0 = Debug|Any CPU
		{048998BE-8509-452C-9A78-E80EEB8E1486}.Release|Any CPU.ActiveCfg = Release|Any CPU
		{048998BE-8509-452C-9A78-E80EEB8E1486}.Release|Any CPU.Build.0 = Release|Any CPU
		{048998BE-8509-452C-9A78-E80EEB8E1486}.Release|Any CPU.Deploy.0 = Release|Any CPU
		{048998BE-8509-452C-9A78-E80EEB8E1486}.Release|iPhone.ActiveCfg = Release|Any CPU
		{048998BE-8509-452C-9A78-E80EEB8E1486}.Release|iPhone.Build.0 = Release|Any CPU
		{048998BE-8509-452C-9A78-E80EEB8E1486}.Release|iPhone.Deploy.0 = Release|Any CPU
		{048998BE-8509-452C-9A78-E80EEB8E1486}.Release|iPhoneSimulator.ActiveCfg = Release|Any CPU
		{048998BE-8509-452C-9A78-E80EEB8E1486}.Release|iPhoneSimulator.Build.0 = Release|Any CPU
		{048998BE-8509-452C-9A78-E80EEB8E1486}.Release|iPhoneSimulator.Deploy.0 = Release|Any CPU
	EndGlobalSection
	GlobalSection(SolutionProperties) = preSolution
		HideSolutionNode = FALSE
	EndGlobalSection
	GlobalSection(ExtensibilityGlobals) = postSolution
		SolutionGuid = {BC0900CC-16D3-4145-9C50-ED61425A0834}
	EndGlobalSection
EndGlobal
